
Microsoft Visual Studio Solution File, Format Version 12.00
# Visual Studio Version 16
VisualStudioVersion = 16.0.30804.86
MinimumVisualStudioVersion = 10.0.40219.1
Project("{888888A0-9F3D-457C-B088-3A5042F75D52}") = "Projekt", "Projekt\Projekt.pyproj", "{27D0E068-CDFA-4417-A563-4702BB7141E3}"
EndProject
Global
	GlobalSection(SolutionConfigurationPlatforms) = preSolution
		Debug|Any CPU = Debug|Any CPU
		Release|Any CPU = Release|Any CPU
	EndGlobalSection
	GlobalSection(ProjectConfigurationPlatforms) = postSolution
		{27D0E068-CDFA-4417-A563-4702BB7141E3}.Debug|Any CPU.ActiveCfg = Debug|Any CPU
		{27D0E068-CDFA-4417-A563-4702BB7141E3}.Release|Any CPU.ActiveCfg = Release|Any CPU
	EndGlobalSection
	GlobalSection(SolutionProperties) = preSolution
		HideSolutionNode = FALSE
	EndGlobalSection
	GlobalSection(ExtensibilityGlobals) = postSolution
		SolutionGuid = {2D19134A-BC47-451A-AD58-6555F03822DC}
	EndGlobalSection
EndGlobal
